
Microsoft Visual Studio Solution File, Format Version 12.00
# Visual Studio 15
VisualStudioVersion = 15.0.26228.4
MinimumVisualStudioVersion = 10.0.40219.1
Project("{FAE04EC0-301F-11D3-BF4B-00C04F79EFBC}") = "DAL", "DAL\DAL.csproj", "{66BEC72C-FA92-4F4A-B231-72D9E82B5AA1}"
EndProject
Project("{FAE04EC0-301F-11D3-BF4B-00C04F79EFBC}") = "BOL", "BOL\BOL.csproj", "{10BBD451-396F-4F90-8F55-DEBA8D2E874F}"
EndProject
Project("{FAE04EC0-301F-11D3-BF4B-00C04F79EFBC}") = "UIL", "UIL\UIL.csproj", "{974769E2-DE1A-4D71-9AE1-FC521AE86300}"
EndProject
Project("{FAE04EC0-301F-11D3-BF4B-00C04F79EFBC}") = "BLL", "BLL\BLL.csproj", "{D3ABEBE5-C73B-46C2-B19E-09B70056100B}"
EndProject
Global
	GlobalSection(SolutionConfigurationPlatforms) = preSolution
		Debug|Any CPU = Debug|Any CPU
		Release|Any CPU = Release|Any CPU
	EndGlobalSection
	GlobalSection(ProjectConfigurationPlatforms) = postSolution
		{66BEC72C-FA92-4F4A-B231-72D9E82B5AA1}.Debug|Any CPU.ActiveCfg = Debug|Any CPU
		{66BEC72C-FA92-4F4A-B231-72D9E82B5AA1}.Debug|Any CPU.Build.0 = Debug|Any CPU
		{66BEC72C-FA92-4F4A-B231-72D9E82B5AA1}.Release|Any CPU.ActiveCfg = Release|Any CPU
		{66BEC72C-FA92-4F4A-B231-72D9E82B5AA1}.Release|Any CPU.Build.0 = Release|Any CPU
		{10BBD451-396F-4F90-8F55-DEBA8D2E874F}.Debug|Any CPU.ActiveCfg = Debug|Any CPU
		{10BBD451-396F-4F90-8F55-DEBA8D2E874F}.Debug|Any CPU.Build.0 = Debug|Any CPU
		{10BBD451-396F-4F90-8F55-DEBA8D2E874F}.Release|Any CPU.ActiveCfg = Release|Any CPU
		{10BBD451-396F-4F90-8F55-DEBA8D2E874F}.Release|Any CPU.Build.0 = Release|Any CPU
		{974769E2-DE1A-4D71-9AE1-FC521AE86300}.Debug|Any CPU.ActiveCfg = Debug|Any CPU
		{974769E2-DE1A-4D71-9AE1-FC521AE86300}.Debug|Any CPU.Build.0 = Debug|Any CPU
		{974769E2-DE1A-4D71-9AE1-FC521AE86300}.Release|Any CPU.ActiveCfg = Release|Any CPU
		{974769E2-DE1A-4D71-9AE1-FC521AE86300}.Release|Any CPU.Build.0 = Release|Any CPU
		{D3ABEBE5-C73B-46C2-B19E-09B70056100B}.Debug|Any CPU.ActiveCfg = Debug|Any CPU
		{D3ABEBE5-C73B-46C2-B19E-09B70056100B}.Debug|Any CPU.Build.0 = Debug|Any CPU
		{D3ABEBE5-C73B-46C2-B19E-09B70056100B}.Release|Any CPU.ActiveCfg = Release|Any CPU
		{D3ABEBE5-C73B-46C2-B19E-09B70056100B}.Release|Any CPU.Build.0 = Release|Any CPU
	EndGlobalSection
	GlobalSection(SolutionProperties) = preSolution
		HideSolutionNode = FALSE
	EndGlobalSection
EndGlobal
